
Microsoft Visual Studio Solution File, Format Version 12.00
# Visual Studio Version 16
VisualStudioVersion = 16.0.29102.190
MinimumVisualStudioVersion = 10.0.40219.1
Project("{2150E333-8FDC-42A3-9474-1A3956D46DE8}") = "1. Additional task - Sql queries", "1. Additional task - Sql queries", "{8DA11790-96F9-476C-B0B2-B52DF3F3F99D}"
	ProjectSection(SolutionItems) = preProject
		D:\Мои документы\Загрузки\01 Task.sql = D:\Мои документы\Загрузки\01 Task.sql
		D:\Мои документы\Загрузки\02 Task.sql = D:\Мои документы\Загрузки\02 Task.sql
		D:\Мои документы\Загрузки\03 Task.sql = D:\Мои документы\Загрузки\03 Task.sql
		D:\Мои документы\Загрузки\04 Task.sql = D:\Мои документы\Загрузки\04 Task.sql
		D:\Мои документы\Загрузки\05 Task.sql = D:\Мои документы\Загрузки\05 Task.sql
		D:\Мои документы\Загрузки\06 Task.sql = D:\Мои документы\Загрузки\06 Task.sql
		D:\Мои документы\Загрузки\07 Task.sql = D:\Мои документы\Загрузки\07 Task.sql
		D:\Мои документы\Загрузки\08 Task.sql = D:\Мои документы\Загрузки\08 Task.sql
		D:\Мои документы\Загрузки\09 Task.sql = D:\Мои документы\Загрузки\09 Task.sql
		D:\Мои документы\Загрузки\10 Task.sql = D:\Мои документы\Загрузки\10 Task.sql
		D:\Мои документы\Загрузки\11 Task.sql = D:\Мои документы\Загрузки\11 Task.sql
		D:\Мои документы\Загрузки\12 Task.sql = D:\Мои документы\Загрузки\12 Task.sql
		D:\Мои документы\Загрузки\13 Task.sql = D:\Мои документы\Загрузки\13 Task.sql
		D:\Мои документы\Загрузки\14 Task.sql = D:\Мои документы\Загрузки\14 Task.sql
		D:\Мои документы\Загрузки\15 Task.sql = D:\Мои документы\Загрузки\15 Task.sql
		D:\Мои документы\Загрузки\16 Task.sql = D:\Мои документы\Загрузки\16 Task.sql
		Sql queries.cs = Sql queries.cs
	EndProjectSection
EndProject
Project("{FAE04EC0-301F-11D3-BF4B-00C04F79EFBC}") = "2. Additional task - File Cabinet", "2. Additional task - File Cabinet\2. Additional task - File Cabinet.csproj", "{21713643-D4A1-463C-8FB9-1CA6A4F25780}"
EndProject
Project("{FAE04EC0-301F-11D3-BF4B-00C04F79EFBC}") = "NET.A.2019.Gridushko.15", "NET.A.2019.Gridushko.15\NET.A.2019.Gridushko.15.csproj", "{CCB22EDD-9877-4669-A502-3D97E29F4396}"
EndProject
Project("{FAE04EC0-301F-11D3-BF4B-00C04F79EFBC}") = "NET.A.2019.Gridushko.19", "NET.A.2019.Gridushko.19\NET.A.2019.Gridushko.19.csproj", "{420E0565-09E4-4912-B7AE-5D7F64EE474C}"
EndProject
Global
	GlobalSection(SolutionConfigurationPlatforms) = preSolution
		Debug|Any CPU = Debug|Any CPU
		Release|Any CPU = Release|Any CPU
	EndGlobalSection
	GlobalSection(ProjectConfigurationPlatforms) = postSolution
		{21713643-D4A1-463C-8FB9-1CA6A4F25780}.Debug|Any CPU.ActiveCfg = Debug|Any CPU
		{21713643-D4A1-463C-8FB9-1CA6A4F25780}.Debug|Any CPU.Build.0 = Debug|Any CPU
		{21713643-D4A1-463C-8FB9-1CA6A4F25780}.Release|Any CPU.ActiveCfg = Release|Any CPU
		{21713643-D4A1-463C-8FB9-1CA6A4F25780}.Release|Any CPU.Build.0 = Release|Any CPU
		{CCB22EDD-9877-4669-A502-3D97E29F4396}.Debug|Any CPU.ActiveCfg = Debug|Any CPU
		{CCB22EDD-9877-4669-A502-3D97E29F4396}.Debug|Any CPU.Build.0 = Debug|Any CPU
		{CCB22EDD-9877-4669-A502-3D97E29F4396}.Release|Any CPU.ActiveCfg = Release|Any CPU
		{CCB22EDD-9877-4669-A502-3D97E29F4396}.Release|Any CPU.Build.0 = Release|Any CPU
		{420E0565-09E4-4912-B7AE-5D7F64EE474C}.Debug|Any CPU.ActiveCfg = Debug|Any CPU
		{420E0565-09E4-4912-B7AE-5D7F64EE474C}.Debug|Any CPU.Build.0 = Debug|Any CPU
		{420E0565-09E4-4912-B7AE-5D7F64EE474C}.Release|Any CPU.ActiveCfg = Release|Any CPU
		{420E0565-09E4-4912-B7AE-5D7F64EE474C}.Release|Any CPU.Build.0 = Release|Any CPU
	EndGlobalSection
	GlobalSection(SolutionProperties) = preSolution
		HideSolutionNode = FALSE
	EndGlobalSection
	GlobalSection(ExtensibilityGlobals) = postSolution
		SolutionGuid = {0CE3EA86-EC35-40C3-B246-9667C869A78B}
	EndGlobalSection
EndGlobal
