
Microsoft Visual Studio Solution File, Format Version 12.00
# Visual Studio Version 16
VisualStudioVersion = 16.0.29102.190
MinimumVisualStudioVersion = 10.0.40219.1
Project("{FAE04EC0-301F-11D3-BF4B-00C04F79EFBC}") = "NET.W.2019", "NET.W.2019\NET.W.2019.csproj", "{3CF5ACB4-5E1A-489A-82D5-AA4DEA0C86CC}"
EndProject
Project("{FAE04EC0-301F-11D3-BF4B-00C04F79EFBC}") = "NET.W.2019.Gridushko.01", "NET.W.2019.Gridushko.01\NET.W.2019.Gridushko.01.csproj", "{F50DA1AC-9C15-40A1-8949-8EC5E5F00CB2}"
EndProject
Project("{FAE04EC0-301F-11D3-BF4B-00C04F79EFBC}") = "NET.W.2019.Gridushko.02", "NET.W.2019.Gridushko.02\NET.W.2019.Gridushko.02.csproj", "{43E05946-C551-4C19-8966-C1A14D1FA76C}"
EndProject
Project("{FAE04EC0-301F-11D3-BF4B-00C04F79EFBC}") = "NET.W.2019.Gridushko.03", "NET.W.2019.Gridushko.03\NET.W.2019.Gridushko.03.csproj", "{1CA5D68A-E86D-4FBC-8771-EDA89A6F305A}"
EndProject
Project("{FAE04EC0-301F-11D3-BF4B-00C04F79EFBC}") = "NET.W.2019.Gridushko.04", "NET.W.2019.Gridushko.04\NET.W.2019.Gridushko.04.csproj", "{34E94560-42AE-44C8-A319-DAF5562F49CE}"
EndProject
Project("{FAE04EC0-301F-11D3-BF4B-00C04F79EFBC}") = "NET.W.2019.Gridushko.05", "NET.W.2019.Gridushko.05\NET.W.2019.Gridushko.05.csproj", "{AC26AEFA-BEF7-4F0B-899C-88D023F72DA6}"
EndProject
Project("{FAE04EC0-301F-11D3-BF4B-00C04F79EFBC}") = "NET.W.2019.Gridushko.06", "NET.W.2019.Gridushko.06\NET.W.2019.Gridushko.06.csproj", "{B1ADBAF5-71B3-4773-93A5-E0B8B47456B2}"
EndProject
Project("{FAE04EC0-301F-11D3-BF4B-00C04F79EFBC}") = "NET.W.2019.Gridushko.07", "NET.W.2019.Gridushko.07\NET.W.2019.Gridushko.07.csproj", "{311BB651-5A67-4231-9B97-79C26D178E3D}"
EndProject
Project("{FAE04EC0-301F-11D3-BF4B-00C04F79EFBC}") = "NET.W.2019.Gridushko.08", "NET.W.2019.Gridushko.08\NET.W.2019.Gridushko.08.csproj", "{85D91B39-5D55-4B88-B56A-1AC56246E574}"
EndProject
Project("{FAE04EC0-301F-11D3-BF4B-00C04F79EFBC}") = "NET.W.2019.Gridushko.09", "NET.W.2019.Gridushko.09\NET.W.2019.Gridushko.09.csproj", "{66368AAA-0F79-4EAE-A7B6-05CFCFCE807F}"
EndProject
Project("{FAE04EC0-301F-11D3-BF4B-00C04F79EFBC}") = "NET.W.2019.Gridushko.10", "NET.W.2019.Gridushko.10\NET.W.2019.Gridushko.10.csproj", "{6DD1AE75-703B-40DB-B7D0-14946E95D4B7}"
EndProject
Project("{FAE04EC0-301F-11D3-BF4B-00C04F79EFBC}") = "NET.W.2019.Gridushko.11", "NET.W.2019.Gridushko.11\NET.W.2019.Gridushko.11.csproj", "{4552F3FD-63A8-4572-9B2A-DB4EB1DABBFE}"
EndProject
Project("{FAE04EC0-301F-11D3-BF4B-00C04F79EFBC}") = "NET.W.2019.Gridushko.12", "NET.W.2019.Gridushko.12\NET.W.2019.Gridushko.12.csproj", "{BBBE5134-1333-44CD-80D0-2A0E6962D04C}"
EndProject
Project("{FAE04EC0-301F-11D3-BF4B-00C04F79EFBC}") = "NET.W.2019.Gridushko.13", "NET.W.2019.Gridushko.13\NET.W.2019.Gridushko.13.csproj", "{473A9D23-BDC7-4276-B556-54A3A3F49CCD}"
EndProject
Project("{FAE04EC0-301F-11D3-BF4B-00C04F79EFBC}") = "NET.W.2019.Gridushko.14", "NET.W.2019.Gridushko.14\NET.W.2019.Gridushko.14.csproj", "{D9331FE2-B97C-4C34-AC4A-265C189544FE}"
EndProject
Project("{FAE04EC0-301F-11D3-BF4B-00C04F79EFBC}") = "NET.W.2019.Gridushko.15", "NET.W.2019.Gridushko.15\NET.W.2019.Gridushko.15.csproj", "{174C5D37-FC4C-45C4-B03A-347A10521368}"
EndProject
Project("{FAE04EC0-301F-11D3-BF4B-00C04F79EFBC}") = "NET.W.2019.Gridushko.16", "NET.W.2019.Gridushko.16\NET.W.2019.Gridushko.16.csproj", "{04CF2CB7-EAFE-4F5C-A32C-79B413555F29}"
EndProject
Project("{FAE04EC0-301F-11D3-BF4B-00C04F79EFBC}") = "NET.W.2019.Gridushko.17", "NET.W.2019.Gridushko.17\NET.W.2019.Gridushko.17.csproj", "{DF78D0A5-CCCD-4238-BFDF-67CEA8A1BAE5}"
EndProject
Project("{FAE04EC0-301F-11D3-BF4B-00C04F79EFBC}") = "NET.W.2019.Gridushko.18", "NET.W.2019.Gridushko.18\NET.W.2019.Gridushko.18.csproj", "{B390C6D5-E346-4839-9A0E-E955BE82B60B}"
EndProject
Project("{FAE04EC0-301F-11D3-BF4B-00C04F79EFBC}") = "NET.W.2019.Gridushko.19", "NET.W.2019.Gridushko.19\NET.W.2019.Gridushko.19.csproj", "{3C85CA77-CCF5-4063-9705-93C41963E31F}"
EndProject
Project("{FAE04EC0-301F-11D3-BF4B-00C04F79EFBC}") = "NET.W.2019.Gridushko.20", "NET.W.2019.Gridushko.20\NET.W.2019.Gridushko.20.csproj", "{6A3224D2-87E4-4DF8-BC42-F77D018BF731}"
EndProject
Global
	GlobalSection(SolutionConfigurationPlatforms) = preSolution
		Debug|Any CPU = Debug|Any CPU
		Release|Any CPU = Release|Any CPU
	EndGlobalSection
	GlobalSection(ProjectConfigurationPlatforms) = postSolution
		{3CF5ACB4-5E1A-489A-82D5-AA4DEA0C86CC}.Debug|Any CPU.ActiveCfg = Debug|Any CPU
		{3CF5ACB4-5E1A-489A-82D5-AA4DEA0C86CC}.Debug|Any CPU.Build.0 = Debug|Any CPU
		{3CF5ACB4-5E1A-489A-82D5-AA4DEA0C86CC}.Release|Any CPU.ActiveCfg = Release|Any CPU
		{3CF5ACB4-5E1A-489A-82D5-AA4DEA0C86CC}.Release|Any CPU.Build.0 = Release|Any CPU
		{F50DA1AC-9C15-40A1-8949-8EC5E5F00CB2}.Debug|Any CPU.ActiveCfg = Debug|Any CPU
		{F50DA1AC-9C15-40A1-8949-8EC5E5F00CB2}.Debug|Any CPU.Build.0 = Debug|Any CPU
		{F50DA1AC-9C15-40A1-8949-8EC5E5F00CB2}.Release|Any CPU.ActiveCfg = Release|Any CPU
		{F50DA1AC-9C15-40A1-8949-8EC5E5F00CB2}.Release|Any CPU.Build.0 = Release|Any CPU
		{43E05946-C551-4C19-8966-C1A14D1FA76C}.Debug|Any CPU.ActiveCfg = Debug|Any CPU
		{43E05946-C551-4C19-8966-C1A14D1FA76C}.Debug|Any CPU.Build.0 = Debug|Any CPU
		{43E05946-C551-4C19-8966-C1A14D1FA76C}.Release|Any CPU.ActiveCfg = Release|Any CPU
		{43E05946-C551-4C19-8966-C1A14D1FA76C}.Release|Any CPU.Build.0 = Release|Any CPU
		{1CA5D68A-E86D-4FBC-8771-EDA89A6F305A}.Debug|Any CPU.ActiveCfg = Debug|Any CPU
		{1CA5D68A-E86D-4FBC-8771-EDA89A6F305A}.Debug|Any CPU.Build.0 = Debug|Any CPU
		{1CA5D68A-E86D-4FBC-8771-EDA89A6F305A}.Release|Any CPU.ActiveCfg = Release|Any CPU
		{1CA5D68A-E86D-4FBC-8771-EDA89A6F305A}.Release|Any CPU.Build.0 = Release|Any CPU
		{34E94560-42AE-44C8-A319-DAF5562F49CE}.Debug|Any CPU.ActiveCfg = Debug|Any CPU
		{34E94560-42AE-44C8-A319-DAF5562F49CE}.Debug|Any CPU.Build.0 = Debug|Any CPU
		{34E94560-42AE-44C8-A319-DAF5562F49CE}.Release|Any CPU.ActiveCfg = Release|Any CPU
		{34E94560-42AE-44C8-A319-DAF5562F49CE}.Release|Any CPU.Build.0 = Release|Any CPU
		{AC26AEFA-BEF7-4F0B-899C-88D023F72DA6}.Debug|Any CPU.ActiveCfg = Debug|Any CPU
		{AC26AEFA-BEF7-4F0B-899C-88D023F72DA6}.Debug|Any CPU.Build.0 = Debug|Any CPU
		{AC26AEFA-BEF7-4F0B-899C-88D023F72DA6}.Release|Any CPU.ActiveCfg = Release|Any CPU
		{AC26AEFA-BEF7-4F0B-899C-88D023F72DA6}.Release|Any CPU.Build.0 = Release|Any CPU
		{B1ADBAF5-71B3-4773-93A5-E0B8B47456B2}.Debug|Any CPU.ActiveCfg = Debug|Any CPU
		{B1ADBAF5-71B3-4773-93A5-E0B8B47456B2}.Debug|Any CPU.Build.0 = Debug|Any CPU
		{B1ADBAF5-71B3-4773-93A5-E0B8B47456B2}.Release|Any CPU.ActiveCfg = Release|Any CPU
		{B1ADBAF5-71B3-4773-93A5-E0B8B47456B2}.Release|Any CPU.Build.0 = Release|Any CPU
		{311BB651-5A67-4231-9B97-79C26D178E3D}.Debug|Any CPU.ActiveCfg = Debug|Any CPU
		{311BB651-5A67-4231-9B97-79C26D178E3D}.Debug|Any CPU.Build.0 = Debug|Any CPU
		{311BB651-5A67-4231-9B97-79C26D178E3D}.Release|Any CPU.ActiveCfg = Release|Any CPU
		{311BB651-5A67-4231-9B97-79C26D178E3D}.Release|Any CPU.Build.0 = Release|Any CPU
		{85D91B39-5D55-4B88-B56A-1AC56246E574}.Debug|Any CPU.ActiveCfg = Debug|Any CPU
		{85D91B39-5D55-4B88-B56A-1AC56246E574}.Debug|Any CPU.Build.0 = Debug|Any CPU
		{85D91B39-5D55-4B88-B56A-1AC56246E574}.Release|Any CPU.ActiveCfg = Release|Any CPU
		{85D91B39-5D55-4B88-B56A-1AC56246E574}.Release|Any CPU.Build.0 = Release|Any CPU
		{66368AAA-0F79-4EAE-A7B6-05CFCFCE807F}.Debug|Any CPU.ActiveCfg = Debug|Any CPU
		{66368AAA-0F79-4EAE-A7B6-05CFCFCE807F}.Debug|Any CPU.Build.0 = Debug|Any CPU
		{66368AAA-0F79-4EAE-A7B6-05CFCFCE807F}.Release|Any CPU.ActiveCfg = Release|Any CPU
		{66368AAA-0F79-4EAE-A7B6-05CFCFCE807F}.Release|Any CPU.Build.0 = Release|Any CPU
		{6DD1AE75-703B-40DB-B7D0-14946E95D4B7}.Debug|Any CPU.ActiveCfg = Debug|Any CPU
		{6DD1AE75-703B-40DB-B7D0-14946E95D4B7}.Debug|Any CPU.Build.0 = Debug|Any CPU
		{6DD1AE75-703B-40DB-B7D0-14946E95D4B7}.Release|Any CPU.ActiveCfg = Release|Any CPU
		{6DD1AE75-703B-40DB-B7D0-14946E95D4B7}.Release|Any CPU.Build.0 = Release|Any CPU
		{4552F3FD-63A8-4572-9B2A-DB4EB1DABBFE}.Debug|Any CPU.ActiveCfg = Debug|Any CPU
		{4552F3FD-63A8-4572-9B2A-DB4EB1DABBFE}.Debug|Any CPU.Build.0 = Debug|Any CPU
		{4552F3FD-63A8-4572-9B2A-DB4EB1DABBFE}.Release|Any CPU.ActiveCfg = Release|Any CPU
		{4552F3FD-63A8-4572-9B2A-DB4EB1DABBFE}.Release|Any CPU.Build.0 = Release|Any CPU
		{BBBE5134-1333-44CD-80D0-2A0E6962D04C}.Debug|Any CPU.ActiveCfg = Debug|Any CPU
		{BBBE5134-1333-44CD-80D0-2A0E6962D04C}.Debug|Any CPU.Build.0 = Debug|Any CPU
		{BBBE5134-1333-44CD-80D0-2A0E6962D04C}.Release|Any CPU.ActiveCfg = Release|Any CPU
		{BBBE5134-1333-44CD-80D0-2A0E6962D04C}.Release|Any CPU.Build.0 = Release|Any CPU
		{473A9D23-BDC7-4276-B556-54A3A3F49CCD}.Debug|Any CPU.ActiveCfg = Debug|Any CPU
		{473A9D23-BDC7-4276-B556-54A3A3F49CCD}.Debug|Any CPU.Build.0 = Debug|Any CPU
		{473A9D23-BDC7-4276-B556-54A3A3F49CCD}.Release|Any CPU.ActiveCfg = Release|Any CPU
		{473A9D23-BDC7-4276-B556-54A3A3F49CCD}.Release|Any CPU.Build.0 = Release|Any CPU
		{D9331FE2-B97C-4C34-AC4A-265C189544FE}.Debug|Any CPU.ActiveCfg = Debug|Any CPU
		{D9331FE2-B97C-4C34-AC4A-265C189544FE}.Debug|Any CPU.Build.0 = Debug|Any CPU
		{D9331FE2-B97C-4C34-AC4A-265C189544FE}.Release|Any CPU.ActiveCfg = Release|Any CPU
		{D9331FE2-B97C-4C34-AC4A-265C189544FE}.Release|Any CPU.Build.0 = Release|Any CPU
		{174C5D37-FC4C-45C4-B03A-347A10521368}.Debug|Any CPU.ActiveCfg = Debug|Any CPU
		{174C5D37-FC4C-45C4-B03A-347A10521368}.Debug|Any CPU.Build.0 = Debug|Any CPU
		{174C5D37-FC4C-45C4-B03A-347A10521368}.Release|Any CPU.ActiveCfg = Release|Any CPU
		{174C5D37-FC4C-45C4-B03A-347A10521368}.Release|Any CPU.Build.0 = Release|Any CPU
		{04CF2CB7-EAFE-4F5C-A32C-79B413555F29}.Debug|Any CPU.ActiveCfg = Debug|Any CPU
		{04CF2CB7-EAFE-4F5C-A32C-79B413555F29}.Debug|Any CPU.Build.0 = Debug|Any CPU
		{04CF2CB7-EAFE-4F5C-A32C-79B413555F29}.Release|Any CPU.ActiveCfg = Release|Any CPU
		{04CF2CB7-EAFE-4F5C-A32C-79B413555F29}.Release|Any CPU.Build.0 = Release|Any CPU
		{DF78D0A5-CCCD-4238-BFDF-67CEA8A1BAE5}.Debug|Any CPU.ActiveCfg = Debug|Any CPU
		{DF78D0A5-CCCD-4238-BFDF-67CEA8A1BAE5}.Debug|Any CPU.Build.0 = Debug|Any CPU
		{DF78D0A5-CCCD-4238-BFDF-67CEA8A1BAE5}.Release|Any CPU.ActiveCfg = Release|Any CPU
		{DF78D0A5-CCCD-4238-BFDF-67CEA8A1BAE5}.Release|Any CPU.Build.0 = Release|Any CPU
		{B390C6D5-E346-4839-9A0E-E955BE82B60B}.Debug|Any CPU.ActiveCfg = Debug|Any CPU
		{B390C6D5-E346-4839-9A0E-E955BE82B60B}.Debug|Any CPU.Build.0 = Debug|Any CPU
		{B390C6D5-E346-4839-9A0E-E955BE82B60B}.Release|Any CPU.ActiveCfg = Release|Any CPU
		{B390C6D5-E346-4839-9A0E-E955BE82B60B}.Release|Any CPU.Build.0 = Release|Any CPU
		{3C85CA77-CCF5-4063-9705-93C41963E31F}.Debug|Any CPU.ActiveCfg = Debug|Any CPU
		{3C85CA77-CCF5-4063-9705-93C41963E31F}.Debug|Any CPU.Build.0 = Debug|Any CPU
		{3C85CA77-CCF5-4063-9705-93C41963E31F}.Release|Any CPU.ActiveCfg = Release|Any CPU
		{3C85CA77-CCF5-4063-9705-93C41963E31F}.Release|Any CPU.Build.0 = Release|Any CPU
		{6A3224D2-87E4-4DF8-BC42-F77D018BF731}.Debug|Any CPU.ActiveCfg = Debug|Any CPU
		{6A3224D2-87E4-4DF8-BC42-F77D018BF731}.Debug|Any CPU.Build.0 = Debug|Any CPU
		{6A3224D2-87E4-4DF8-BC42-F77D018BF731}.Release|Any CPU.ActiveCfg = Release|Any CPU
		{6A3224D2-87E4-4DF8-BC42-F77D018BF731}.Release|Any CPU.Build.0 = Release|Any CPU
	EndGlobalSection
	GlobalSection(SolutionProperties) = preSolution
		HideSolutionNode = FALSE
	EndGlobalSection
	GlobalSection(ExtensibilityGlobals) = postSolution
		SolutionGuid = {0CE3EA86-EC35-40C3-B246-9667C869A78B}
	EndGlobalSection
EndGlobal
